
Microsoft Visual Studio Solution File, Format Version 12.00
# Visual Studio Version 17
VisualStudioVersion = 17.0.31919.166
MinimumVisualStudioVersion = 10.0.40219.1
Project("{FAE04EC0-301F-11D3-BF4B-00C04F79EFBC}") = "Bacteria(Factory method)", "Bacteria(Factory method)\Bacteria(Factory method).csproj", "{5F3E6169-46A9-49E7-8482-D50DC3097A61}"
EndProject
Global
	GlobalSection(SolutionConfigurationPlatforms) = preSolution
		Debug|Any CPU = Debug|Any CPU
		Release|Any CPU = Release|Any CPU
	EndGlobalSection
	GlobalSection(ProjectConfigurationPlatforms) = postSolution
		{5F3E6169-46A9-49E7-8482-D50DC3097A61}.Debug|Any CPU.ActiveCfg = Debug|Any CPU
		{5F3E6169-46A9-49E7-8482-D50DC3097A61}.Debug|Any CPU.Build.0 = Debug|Any CPU
		{5F3E6169-46A9-49E7-8482-D50DC3097A61}.Release|Any CPU.ActiveCfg = Release|Any CPU
		{5F3E6169-46A9-49E7-8482-D50DC3097A61}.Release|Any CPU.Build.0 = Release|Any CPU
	EndGlobalSection
	GlobalSection(SolutionProperties) = preSolution
		HideSolutionNode = FALSE
	EndGlobalSection
	GlobalSection(ExtensibilityGlobals) = postSolution
		SolutionGuid = {5DA62F7F-E0AC-48CE-BFC1-E0D605AA34FF}
	EndGlobalSection
EndGlobal
